{
  "nodes": {
    "ashyterm": {
      "inputs": {
        "flake-utils": "flake-utils",
        "nixpkgs": [
          "nixpkgs"
        ]
      },
      "locked": {
        "lastModified": 1786559295,
        "narHash": "sha256-gP1o/9RZpbTNQ/c6DMc+AmlcgRnWtG2Hq6QrWkQJKR8=",
        "owner": "big-comm",
        "repo": "ashyterm",
        "rev": "024a2c89a506e0be3e0fb846c8ac84fedb0b96e0",
        "type": "github"
      },
      "original": {
        "owner": "big-comm",
        "repo": "ashyterm",
        "type": "github"
      }
    },
    "flake-utils": {
      "inputs": {
        "systems": "systems"
      },
      "locked": {
        "lastModified": 1731533236,
        "narHash": "sha256-l0KFg5HjrsfsO/JpG+r7fRrqm12kzFHyUHqHCVpMMbI=",
        "owner": "numtide",
        "repo": "flake-utils",
        "rev": "11707dc2f618dd54ca8739b309ec4fc024de578b",
        "type": "github"
      },
      "original": {
        "owner": "numtide",
        "repo": "flake-utils",
        "type": "github"
      }
    },
    "nixpkgs": {
      "locked": {
        "lastModified": 1788179007,
        "narHash": "sha256-hn1oU2rue2SYK8dAr8+WNZWtbsz1S2W5mnHlSEuh3bo=",
        "owner": "NixOS",
        "repo": "nixpkgs",
        "rev": "34ab99075ac4f7e40cf037eef32cb1c360bb85e9",
        "type": "github"
      },
      "original": {
        "owner": "NixOS",
        "ref": "nixos-unstable",
        "repo": "nixpkgs",
        "type": "github"
      }
    },
    "root": {
      "inputs": {
        "ashyterm": "ashyterm",
        "nixpkgs": "nixpkgs",
        "vinyl-theme": "vinyl-theme"
      }
    },
    "systems": {
      "locked": {
        "lastModified": 1681028828,
        "narHash": "sha256-Vy1rq5AaRuLzOxct8nz4T6wlgyUR7zLU309k9mBC768=",
        "owner": "nix-systems",
        "repo": "default",
        "rev": "da67096a3b9bf56a91d16901293e51ba5b49a27e",
        "type": "github"
      },
      "original": {
        "owner": "nix-systems",
        "repo": "default",
        "type": "github"
      }
    },
    "vinyl-theme": {
      "flake": false,
      "locked": {
        "lastModified": 1785804903,
        "narHash": "sha256-mJ59zxuQV8oRDDud0/ykXYd09NiNdEr7Dn0bprj00gc=",
        "owner": "ekaaty",
        "repo": "vinyl-theme",
        "rev": "40d8312d47ad2b62478ef3f1ed876384b15d6429",
        "type": "github"
      },
      "original": {
        "owner": "ekaaty",
        "repo": "vinyl-theme",
        "type": "github"
      }
    }
  },
  "root": "root",
  "version": 7
}
